{
  "nodes": {
    "freecad-realthunder": {
      "flake": false,
      "locked": {
        "lastModified": 1712488274,
        "narHash": "sha256-hlAkR4Ubvjr+MSyP1WewDLkQRFgEGBXkVeKAjI9lsE0=",
        "owner": "realthunder",
        "repo": "FreeCAD",
        "rev": "973e4821bcd19a5a1af9ae3e1d2ed961aad0a8ab",
        "type": "github"
      },
      "original": {
        "owner": "realthunder",
        "ref": "LinkStable",
        "repo": "FreeCAD",
        "type": "github"
      }
    },
    "nixpkgs": {
      "locked": {
        "lastModified": 1712963716,
        "narHash": "sha256-WKm9CvgCldeIVvRz87iOMi8CFVB1apJlkUT4GGvA0iM=",
        "path": "/nix/store/yy5l09gfsagkv8rswblknmsjc2gyr20d-source",
        "rev": "cfd6b5fc90b15709b780a5a1619695a88505a176",
        "type": "path"
      },
      "original": {
        "id": "nixpkgs",
        "type": "indirect"
      }
    },
    "root": {
      "inputs": {
        "freecad-realthunder": "freecad-realthunder",
        "nixpkgs": "nixpkgs"
      }
    }
  },
  "root": "root",
  "version": 7
}
