{
  "nodes": {
    "freecad-realthunder": {
      "flake": false,
      "locked": {
        "lastModified": 1715422236,
        "narHash": "sha256-O7+MlOXrIIi8JMdr4QtEnKmiHPx+7yfqB9Utha2J6U4=",
        "owner": "realthunder",
        "repo": "FreeCAD",
        "rev": "0e9cf4aa7c7bac94a83edd07b4bd74a71a26446c",
        "type": "github"
      },
      "original": {
        "owner": "realthunder",
        "ref": "LinkStable",
        "repo": "FreeCAD",
        "type": "github"
      }
    },
    "nixpkgs": {
      "locked": {
        "lastModified": 1712963716,
        "narHash": "sha256-WKm9CvgCldeIVvRz87iOMi8CFVB1apJlkUT4GGvA0iM=",
        "path": "/nix/store/yy5l09gfsagkv8rswblknmsjc2gyr20d-source",
        "rev": "cfd6b5fc90b15709b780a5a1619695a88505a176",
        "type": "path"
      },
      "original": {
        "id": "nixpkgs",
        "type": "indirect"
      }
    },
    "root": {
      "inputs": {
        "freecad-realthunder": "freecad-realthunder",
        "nixpkgs": "nixpkgs"
      }
    }
  },
  "root": "root",
  "version": 7
}
